// !$*UTF8*$!
{
	archiveVersion = 1;
	classes = {
	};
	objectVersion = 50;
	objects = {

/* Begin PBXBuildFile section */
		9433E00E231FCF5E00D22785 /* Extensions.swift in Sources */ = {isa = PBXBuildFile; fileRef = 9433E00D231FCF5E00D22785 /* Extensions.swift */; };
		944C6E712305701E00AD1DFF /* ApphudSDK.podspec in Resources */ = {isa = PBXBuildFile; fileRef = 944C6E702305701E00AD1DFF /* ApphudSDK.podspec */; };
		944C6E732305AC5400AD1DFF /* README.md in Resources */ = {isa = PBXBuildFile; fileRef = 944C6E722305AC5300AD1DFF /* README.md */; };
		9469E2F223AA1C1C002A5946 /* ApphudScreenController.swift in Sources */ = {isa = PBXBuildFile; fileRef = 9469E2EF23AA1C1B002A5946 /* ApphudScreenController.swift */; };
		9469E2F323AA1C1C002A5946 /* ApphudNavigationController.swift in Sources */ = {isa = PBXBuildFile; fileRef = 9469E2F023AA1C1B002A5946 /* ApphudNavigationController.swift */; };
		9469E2F423AA1C1C002A5946 /* ApphudRulesManager.swift in Sources */ = {isa = PBXBuildFile; fileRef = 9469E2F123AA1C1B002A5946 /* ApphudRulesManager.swift */; };
		94A9CE012402BAA900F3C5E3 /* ApphudPurchaseResult.swift in Sources */ = {isa = PBXBuildFile; fileRef = 94A9CE002402BAA900F3C5E3 /* ApphudPurchaseResult.swift */; };
		94A9CE022402C38200F3C5E3 /* ApphudNonRenewingPurchase.swift in Sources */ = {isa = PBXBuildFile; fileRef = 94A9CDFE2402992400F3C5E3 /* ApphudNonRenewingPurchase.swift */; };
		94AE4E9122A0FAC800564F85 /* AppDelegate.swift in Sources */ = {isa = PBXBuildFile; fileRef = 94AE4E9022A0FAC800564F85 /* AppDelegate.swift */; };
		94AE4E9322A0FAC800564F85 /* ViewController.swift in Sources */ = {isa = PBXBuildFile; fileRef = 94AE4E9222A0FAC800564F85 /* ViewController.swift */; };
		94AE4E9622A0FAC800564F85 /* Main.storyboard in Resources */ = {isa = PBXBuildFile; fileRef = 94AE4E9422A0FAC800564F85 /* Main.storyboard */; };
		94AE4E9822A0FACA00564F85 /* Assets.xcassets in Resources */ = {isa = PBXBuildFile; fileRef = 94AE4E9722A0FACA00564F85 /* Assets.xcassets */; };
		94AE4E9B22A0FACA00564F85 /* LaunchScreen.storyboard in Resources */ = {isa = PBXBuildFile; fileRef = 94AE4E9922A0FACA00564F85 /* LaunchScreen.storyboard */; };
		94FEB1DE248387BC0049F897 /* ApphudError.swift in Sources */ = {isa = PBXBuildFile; fileRef = 94FEB1DD248387BC0049F897 /* ApphudError.swift */; };
		95E9470C239D20D000CC306C /* ApphudKeychain.swift in Sources */ = {isa = PBXBuildFile; fileRef = 95E946FD239D20D000CC306C /* ApphudKeychain.swift */; };
		95E9470E239D20D000CC306C /* ApphudHttpClient.swift in Sources */ = {isa = PBXBuildFile; fileRef = 95E946FF239D20D000CC306C /* ApphudHttpClient.swift */; };
		95E9470F239D20D000CC306C /* ApphudInternal.swift in Sources */ = {isa = PBXBuildFile; fileRef = 95E94700239D20D000CC306C /* ApphudInternal.swift */; };
		95E94710239D20D000CC306C /* ApphudUser.swift in Sources */ = {isa = PBXBuildFile; fileRef = 95E94701239D20D000CC306C /* ApphudUser.swift */; };
		95E94712239D20D000CC306C /* ApphudRule.swift in Sources */ = {isa = PBXBuildFile; fileRef = 95E94703239D20D000CC306C /* ApphudRule.swift */; };
		95E94713239D20D000CC306C /* ApphudScreen.swift in Sources */ = {isa = PBXBuildFile; fileRef = 95E94704239D20D000CC306C /* ApphudScreen.swift */; };
		95E94714239D20D000CC306C /* ApphudSubscription.swift in Sources */ = {isa = PBXBuildFile; fileRef = 95E94705239D20D000CC306C /* ApphudSubscription.swift */; };
		95E94716239D20D000CC306C /* Apphud.swift in Sources */ = {isa = PBXBuildFile; fileRef = 95E94707239D20D000CC306C /* Apphud.swift */; };
		95E94717239D20D000CC306C /* ApphudStoreKitWrapper.swift in Sources */ = {isa = PBXBuildFile; fileRef = 95E94708239D20D000CC306C /* ApphudStoreKitWrapper.swift */; };
		95E94718239D20D000CC306C /* ApphudUtils.swift in Sources */ = {isa = PBXBuildFile; fileRef = 95E94709239D20D000CC306C /* ApphudUtils.swift */; };
		95E9471A239D20D000CC306C /* ApphudExtensions.swift in Sources */ = {isa = PBXBuildFile; fileRef = 95E9470B239D20D000CC306C /* ApphudExtensions.swift */; };
/* End PBXBuildFile section */

/* Begin PBXCopyFilesBuildPhase section */
		94412B122333948600D3B2D7 /* Embed App Extensions */ = {
			isa = PBXCopyFilesBuildPhase;
			buildActionMask = 2147483647;
			dstPath = "";
			dstSubfolderSpec = 13;
			files = (
			);
			name = "Embed App Extensions";
			runOnlyForDeploymentPostprocessing = 0;
		};
/* End PBXCopyFilesBuildPhase section */

/* Begin PBXFileReference section */
		941C1F8023141F22006F91D5 /* apphud.entitlements */ = {isa = PBXFileReference; lastKnownFileType = text.plist.entitlements; path = apphud.entitlements; sourceTree = "<group>"; };
		9433E00D231FCF5E00D22785 /* Extensions.swift */ = {isa = PBXFileReference; lastKnownFileType = sourcecode.swift; path = Extensions.swift; sourceTree = "<group>"; };
		944C6E702305701E00AD1DFF /* ApphudSDK.podspec */ = {isa = PBXFileReference; fileEncoding = 4; lastKnownFileType = text; path = ApphudSDK.podspec; sourceTree = "<group>"; };
		944C6E722305AC5300AD1DFF /* README.md */ = {isa = PBXFileReference; fileEncoding = 4; lastKnownFileType = net.daringfireball.markdown; path = README.md; sourceTree = "<group>"; };
		9469E2EF23AA1C1B002A5946 /* ApphudScreenController.swift */ = {isa = PBXFileReference; fileEncoding = 4; lastKnownFileType = sourcecode.swift; path = ApphudScreenController.swift; sourceTree = "<group>"; };
		9469E2F023AA1C1B002A5946 /* ApphudNavigationController.swift */ = {isa = PBXFileReference; fileEncoding = 4; lastKnownFileType = sourcecode.swift; path = ApphudNavigationController.swift; sourceTree = "<group>"; };
		9469E2F123AA1C1B002A5946 /* ApphudRulesManager.swift */ = {isa = PBXFileReference; fileEncoding = 4; lastKnownFileType = sourcecode.swift; path = ApphudRulesManager.swift; sourceTree = "<group>"; };
		94A9CDFE2402992400F3C5E3 /* ApphudNonRenewingPurchase.swift */ = {isa = PBXFileReference; lastKnownFileType = sourcecode.swift; path = ApphudNonRenewingPurchase.swift; sourceTree = "<group>"; };
		94A9CE002402BAA900F3C5E3 /* ApphudPurchaseResult.swift */ = {isa = PBXFileReference; lastKnownFileType = sourcecode.swift; path = ApphudPurchaseResult.swift; sourceTree = "<group>"; };
		94AE4E8D22A0FAC800564F85 /* ApphudDemoApp.app */ = {isa = PBXFileReference; explicitFileType = wrapper.application; includeInIndex = 0; path = ApphudDemoApp.app; sourceTree = BUILT_PRODUCTS_DIR; };
		94AE4E9022A0FAC800564F85 /* AppDelegate.swift */ = {isa = PBXFileReference; lastKnownFileType = sourcecode.swift; path = AppDelegate.swift; sourceTree = "<group>"; };
		94AE4E9222A0FAC800564F85 /* ViewController.swift */ = {isa = PBXFileReference; lastKnownFileType = sourcecode.swift; path = ViewController.swift; sourceTree = "<group>"; };
		94AE4E9522A0FAC800564F85 /* Base */ = {isa = PBXFileReference; lastKnownFileType = file.storyboard; name = Base; path = Base.lproj/Main.storyboard; sourceTree = "<group>"; };
		94AE4E9722A0FACA00564F85 /* Assets.xcassets */ = {isa = PBXFileReference; lastKnownFileType = folder.assetcatalog; path = Assets.xcassets; sourceTree = "<group>"; };
		94AE4E9A22A0FACA00564F85 /* Base */ = {isa = PBXFileReference; lastKnownFileType = file.storyboard; name = Base; path = Base.lproj/LaunchScreen.storyboard; sourceTree = "<group>"; };
		94AE4E9C22A0FACA00564F85 /* Info.plist */ = {isa = PBXFileReference; lastKnownFileType = text.plist.xml; path = Info.plist; sourceTree = "<group>"; };
		94FEB1DD248387BC0049F897 /* ApphudError.swift */ = {isa = PBXFileReference; lastKnownFileType = sourcecode.swift; path = ApphudError.swift; sourceTree = "<group>"; };
		95E946FD239D20D000CC306C /* ApphudKeychain.swift */ = {isa = PBXFileReference; fileEncoding = 4; lastKnownFileType = sourcecode.swift; path = ApphudKeychain.swift; sourceTree = "<group>"; };
		95E946FF239D20D000CC306C /* ApphudHttpClient.swift */ = {isa = PBXFileReference; fileEncoding = 4; lastKnownFileType = sourcecode.swift; path = ApphudHttpClient.swift; sourceTree = "<group>"; };
		95E94700239D20D000CC306C /* ApphudInternal.swift */ = {isa = PBXFileReference; fileEncoding = 4; lastKnownFileType = sourcecode.swift; path = ApphudInternal.swift; sourceTree = "<group>"; };
		95E94701239D20D000CC306C /* ApphudUser.swift */ = {isa = PBXFileReference; fileEncoding = 4; lastKnownFileType = sourcecode.swift; path = ApphudUser.swift; sourceTree = "<group>"; };
		95E94703239D20D000CC306C /* ApphudRule.swift */ = {isa = PBXFileReference; fileEncoding = 4; lastKnownFileType = sourcecode.swift; path = ApphudRule.swift; sourceTree = "<group>"; };
		95E94704239D20D000CC306C /* ApphudScreen.swift */ = {isa = PBXFileReference; fileEncoding = 4; lastKnownFileType = sourcecode.swift; path = ApphudScreen.swift; sourceTree = "<group>"; };
		95E94705239D20D000CC306C /* ApphudSubscription.swift */ = {isa = PBXFileReference; fileEncoding = 4; lastKnownFileType = sourcecode.swift; path = ApphudSubscription.swift; sourceTree = "<group>"; };
		95E94707239D20D000CC306C /* Apphud.swift */ = {isa = PBXFileReference; fileEncoding = 4; lastKnownFileType = sourcecode.swift; path = Apphud.swift; sourceTree = "<group>"; };
		95E94708239D20D000CC306C /* ApphudStoreKitWrapper.swift */ = {isa = PBXFileReference; fileEncoding = 4; lastKnownFileType = sourcecode.swift; path = ApphudStoreKitWrapper.swift; sourceTree = "<group>"; };
		95E94709239D20D000CC306C /* ApphudUtils.swift */ = {isa = PBXFileReference; fileEncoding = 4; lastKnownFileType = sourcecode.swift; path = ApphudUtils.swift; sourceTree = "<group>"; };
		95E9470B239D20D000CC306C /* ApphudExtensions.swift */ = {isa = PBXFileReference; fileEncoding = 4; lastKnownFileType = sourcecode.swift; path = ApphudExtensions.swift; sourceTree = "<group>"; };
/* End PBXFileReference section */

/* Begin PBXFrameworksBuildPhase section */
		94AE4E8A22A0FAC800564F85 /* Frameworks */ = {
			isa = PBXFrameworksBuildPhase;
			buildActionMask = 2147483647;
			files = (
			);
			runOnlyForDeploymentPostprocessing = 0;
		};
/* End PBXFrameworksBuildPhase section */

/* Begin PBXGroup section */
		9469E2EE23AA1C1B002A5946 /* ApphudUI */ = {
			isa = PBXGroup;
			children = (
				9469E2EF23AA1C1B002A5946 /* ApphudScreenController.swift */,
				9469E2F023AA1C1B002A5946 /* ApphudNavigationController.swift */,
				9469E2F123AA1C1B002A5946 /* ApphudRulesManager.swift */,
			);
			path = ApphudUI;
			sourceTree = "<group>";
		};
		94AE4E8422A0FAC800564F85 = {
			isa = PBXGroup;
			children = (
				944C6E722305AC5300AD1DFF /* README.md */,
				944C6E702305701E00AD1DFF /* ApphudSDK.podspec */,
				95E946FB239D20D000CC306C /* Sources */,
				94AE4E8F22A0FAC800564F85 /* apphud */,
				94AE4E8E22A0FAC800564F85 /* Products */,
			);
			sourceTree = "<group>";
		};
		94AE4E8E22A0FAC800564F85 /* Products */ = {
			isa = PBXGroup;
			children = (
				94AE4E8D22A0FAC800564F85 /* ApphudDemoApp.app */,
			);
			name = Products;
			sourceTree = "<group>";
		};
		94AE4E8F22A0FAC800564F85 /* apphud */ = {
			isa = PBXGroup;
			children = (
				941C1F8023141F22006F91D5 /* apphud.entitlements */,
				94AE4E9022A0FAC800564F85 /* AppDelegate.swift */,
				94AE4E9222A0FAC800564F85 /* ViewController.swift */,
				9433E00D231FCF5E00D22785 /* Extensions.swift */,
				94AE4E9422A0FAC800564F85 /* Main.storyboard */,
				94AE4E9722A0FACA00564F85 /* Assets.xcassets */,
				94AE4E9922A0FACA00564F85 /* LaunchScreen.storyboard */,
				94AE4E9C22A0FACA00564F85 /* Info.plist */,
			);
			path = apphud;
			sourceTree = "<group>";
		};
		95E946FB239D20D000CC306C /* Sources */ = {
			isa = PBXGroup;
			children = (
				95E946FC239D20D000CC306C /* ApphudSDK */,
			);
			path = Sources;
			sourceTree = "<group>";
		};
		95E946FC239D20D000CC306C /* ApphudSDK */ = {
			isa = PBXGroup;
			children = (
				9469E2EE23AA1C1B002A5946 /* ApphudUI */,
				95E946FD239D20D000CC306C /* ApphudKeychain.swift */,
				95E946FF239D20D000CC306C /* ApphudHttpClient.swift */,
				95E94700239D20D000CC306C /* ApphudInternal.swift */,
				95E94701239D20D000CC306C /* ApphudUser.swift */,
				95E94703239D20D000CC306C /* ApphudRule.swift */,
				95E94704239D20D000CC306C /* ApphudScreen.swift */,
				94A9CE002402BAA900F3C5E3 /* ApphudPurchaseResult.swift */,
				95E94705239D20D000CC306C /* ApphudSubscription.swift */,
				94A9CDFE2402992400F3C5E3 /* ApphudNonRenewingPurchase.swift */,
				95E94707239D20D000CC306C /* Apphud.swift */,
				95E94708239D20D000CC306C /* ApphudStoreKitWrapper.swift */,
				95E94709239D20D000CC306C /* ApphudUtils.swift */,
				95E9470B239D20D000CC306C /* ApphudExtensions.swift */,
				94FEB1DD248387BC0049F897 /* ApphudError.swift */,
			);
			path = ApphudSDK;
			sourceTree = "<group>";
		};
/* End PBXGroup section */

/* Begin PBXNativeTarget section */
		94AE4E8C22A0FAC800564F85 /* apphud */ = {
			isa = PBXNativeTarget;
			buildConfigurationList = 94AE4E9F22A0FACA00564F85 /* Build configuration list for PBXNativeTarget "apphud" */;
			buildPhases = (
				94AE4E8922A0FAC800564F85 /* Sources */,
				94AE4E8A22A0FAC800564F85 /* Frameworks */,
				94AE4E8B22A0FAC800564F85 /* Resources */,
				94412B122333948600D3B2D7 /* Embed App Extensions */,
			);
			buildRules = (
			);
			dependencies = (
			);
			name = apphud;
			productName = apphud;
			productReference = 94AE4E8D22A0FAC800564F85 /* ApphudDemoApp.app */;
			productType = "com.apple.product-type.application";
		};
/* End PBXNativeTarget section */

/* Begin PBXProject section */
		94AE4E8522A0FAC800564F85 /* Project object */ = {
			isa = PBXProject;
			attributes = {
				LastSwiftUpdateCheck = 1020;
				LastUpgradeCheck = 1020;
				ORGANIZATIONNAME = softeam;
				TargetAttributes = {
					94AE4E8C22A0FAC800564F85 = {
						CreatedOnToolsVersion = 10.2;
						LastSwiftMigration = 1130;
						SystemCapabilities = {
							com.apple.Push = {
								enabled = 1;
							};
						};
					};
				};
			};
			buildConfigurationList = 94AE4E8822A0FAC800564F85 /* Build configuration list for PBXProject "apphud" */;
			compatibilityVersion = "Xcode 9.3";
			developmentRegion = en;
			hasScannedForEncodings = 0;
			knownRegions = (
				en,
				Base,
			);
			mainGroup = 94AE4E8422A0FAC800564F85;
			productRefGroup = 94AE4E8E22A0FAC800564F85 /* Products */;
			projectDirPath = "";
			projectRoot = "";
			targets = (
				94AE4E8C22A0FAC800564F85 /* apphud */,
			);
		};
/* End PBXProject section */

/* Begin PBXResourcesBuildPhase section */
		94AE4E8B22A0FAC800564F85 /* Resources */ = {
			isa = PBXResourcesBuildPhase;
			buildActionMask = 2147483647;
			files = (
				944C6E712305701E00AD1DFF /* ApphudSDK.podspec in Resources */,
				94AE4E9B22A0FACA00564F85 /* LaunchScreen.storyboard in Resources */,
				944C6E732305AC5400AD1DFF /* README.md in Resources */,
				94AE4E9822A0FACA00564F85 /* Assets.xcassets in Resources */,
				94AE4E9622A0FAC800564F85 /* Main.storyboard in Resources */,
			);
			runOnlyForDeploymentPostprocessing = 0;
		};
/* End PBXResourcesBuildPhase section */

/* Begin PBXSourcesBuildPhase section */
		94AE4E8922A0FAC800564F85 /* Sources */ = {
			isa = PBXSourcesBuildPhase;
			buildActionMask = 2147483647;
			files = (
				95E94713239D20D000CC306C /* ApphudScreen.swift in Sources */,
				95E94716239D20D000CC306C /* Apphud.swift in Sources */,
				9469E2F323AA1C1C002A5946 /* ApphudNavigationController.swift in Sources */,
				94AE4E9322A0FAC800564F85 /* ViewController.swift in Sources */,
				94FEB1DE248387BC0049F897 /* ApphudError.swift in Sources */,
				95E94714239D20D000CC306C /* ApphudSubscription.swift in Sources */,
				9469E2F423AA1C1C002A5946 /* ApphudRulesManager.swift in Sources */,
				94A9CE012402BAA900F3C5E3 /* ApphudPurchaseResult.swift in Sources */,
				95E9470C239D20D000CC306C /* ApphudKeychain.swift in Sources */,
				95E9470E239D20D000CC306C /* ApphudHttpClient.swift in Sources */,
				95E9471A239D20D000CC306C /* ApphudExtensions.swift in Sources */,
				9469E2F223AA1C1C002A5946 /* ApphudScreenController.swift in Sources */,
				95E94712239D20D000CC306C /* ApphudRule.swift in Sources */,
				95E94717239D20D000CC306C /* ApphudStoreKitWrapper.swift in Sources */,
				95E94710239D20D000CC306C /* ApphudUser.swift in Sources */,
				9433E00E231FCF5E00D22785 /* Extensions.swift in Sources */,
				94A9CE022402C38200F3C5E3 /* ApphudNonRenewingPurchase.swift in Sources */,
				94AE4E9122A0FAC800564F85 /* AppDelegate.swift in Sources */,
				95E9470F239D20D000CC306C /* ApphudInternal.swift in Sources */,
				95E94718239D20D000CC306C /* ApphudUtils.swift in Sources */,
			);
			runOnlyForDeploymentPostprocessing = 0;
		};
/* End PBXSourcesBuildPhase section */

/* Begin PBXVariantGroup section */
		94AE4E9422A0FAC800564F85 /* Main.storyboard */ = {
			isa = PBXVariantGroup;
			children = (
				94AE4E9522A0FAC800564F85 /* Base */,
			);
			name = Main.storyboard;
			sourceTree = "<group>";
		};
		94AE4E9922A0FACA00564F85 /* LaunchScreen.storyboard */ = {
			isa = PBXVariantGroup;
			children = (
				94AE4E9A22A0FACA00564F85 /* Base */,
			);
			name = LaunchScreen.storyboard;
			sourceTree = "<group>";
		};
/* End PBXVariantGroup section */

/* Begin XCBuildConfiguration section */
		94AE4E9D22A0FACA00564F85 /* Debug */ = {
			isa = XCBuildConfiguration;
			buildSettings = {
				ALWAYS_SEARCH_USER_PATHS = NO;
				CLANG_ANALYZER_LOCALIZABILITY_NONLOCALIZED = YES;
				CLANG_ANALYZER_NONNULL = YES;
				CLANG_ANALYZER_NUMBER_OBJECT_CONVERSION = YES_AGGRESSIVE;
				CLANG_CXX_LANGUAGE_STANDARD = "gnu++14";
				CLANG_CXX_LIBRARY = "libc++";
				CLANG_ENABLE_MODULES = YES;
				CLANG_ENABLE_OBJC_ARC = YES;
				CLANG_ENABLE_OBJC_WEAK = YES;
				CLANG_WARN_BLOCK_CAPTURE_AUTORELEASING = YES;
				CLANG_WARN_BOOL_CONVERSION = YES;
				CLANG_WARN_COMMA = YES;
				CLANG_WARN_CONSTANT_CONVERSION = YES;
				CLANG_WARN_DEPRECATED_OBJC_IMPLEMENTATIONS = YES;
				CLANG_WARN_DIRECT_OBJC_ISA_USAGE = YES_ERROR;
				CLANG_WARN_DOCUMENTATION_COMMENTS = YES;
				CLANG_WARN_EMPTY_BODY = YES;
				CLANG_WARN_ENUM_CONVERSION = YES;
				CLANG_WARN_INFINITE_RECURSION = YES;
				CLANG_WARN_INT_CONVERSION = YES;
				CLANG_WARN_NON_LITERAL_NULL_CONVERSION = YES;
				CLANG_WARN_OBJC_IMPLICIT_RETAIN_SELF = YES;
				CLANG_WARN_OBJC_LITERAL_CONVERSION = YES;
				CLANG_WARN_OBJC_ROOT_CLASS = YES_ERROR;
				CLANG_WARN_RANGE_LOOP_ANALYSIS = YES;
				CLANG_WARN_STRICT_PROTOTYPES = YES;
				CLANG_WARN_SUSPICIOUS_MOVE = YES;
				CLANG_WARN_UNGUARDED_AVAILABILITY = YES_AGGRESSIVE;
				CLANG_WARN_UNREACHABLE_CODE = YES;
				CLANG_WARN__DUPLICATE_METHOD_MATCH = YES;
				CODE_SIGN_IDENTITY = "iPhone Developer";
				COPY_PHASE_STRIP = NO;
				DEBUG_INFORMATION_FORMAT = dwarf;
				ENABLE_STRICT_OBJC_MSGSEND = YES;
				ENABLE_TESTABILITY = YES;
				GCC_C_LANGUAGE_STANDARD = gnu11;
				GCC_DYNAMIC_NO_PIC = NO;
				GCC_NO_COMMON_BLOCKS = YES;
				GCC_OPTIMIZATION_LEVEL = 0;
				GCC_PREPROCESSOR_DEFINITIONS = (
					"DEBUG=1",
					"$(inherited)",
				);
				GCC_WARN_64_TO_32_BIT_CONVERSION = YES;
				GCC_WARN_ABOUT_RETURN_TYPE = YES_ERROR;
				GCC_WARN_UNDECLARED_SELECTOR = YES;
				GCC_WARN_UNINITIALIZED_AUTOS = YES_AGGRESSIVE;
				GCC_WARN_UNUSED_FUNCTION = YES;
				GCC_WARN_UNUSED_VARIABLE = YES;
				IPHONEOS_DEPLOYMENT_TARGET = 12.2;
				MTL_ENABLE_DEBUG_INFO = INCLUDE_SOURCE;
				MTL_FAST_MATH = YES;
				ONLY_ACTIVE_ARCH = YES;
				SDKROOT = iphoneos;
				SWIFT_ACTIVE_COMPILATION_CONDITIONS = DEBUG;
				SWIFT_OPTIMIZATION_LEVEL = "-Onone";
			};
			name = Debug;
		};
		94AE4E9E22A0FACA00564F85 /* Release */ = {
			isa = XCBuildConfiguration;
			buildSettings = {
				ALWAYS_SEARCH_USER_PATHS = NO;
				CLANG_ANALYZER_LOCALIZABILITY_NONLOCALIZED = YES;
				CLANG_ANALYZER_NONNULL = YES;
				CLANG_ANALYZER_NUMBER_OBJECT_CONVERSION = YES_AGGRESSIVE;
				CLANG_CXX_LANGUAGE_STANDARD = "gnu++14";
				CLANG_CXX_LIBRARY = "libc++";
				CLANG_ENABLE_MODULES = YES;
				CLANG_ENABLE_OBJC_ARC = YES;
				CLANG_ENABLE_OBJC_WEAK = YES;
				CLANG_WARN_BLOCK_CAPTURE_AUTORELEASING = YES;
				CLANG_WARN_BOOL_CONVERSION = YES;
				CLANG_WARN_COMMA = YES;
				CLANG_WARN_CONSTANT_CONVERSION = YES;
				CLANG_WARN_DEPRECATED_OBJC_IMPLEMENTATIONS = YES;
				CLANG_WARN_DIRECT_OBJC_ISA_USAGE = YES_ERROR;
				CLANG_WARN_DOCUMENTATION_COMMENTS = YES;
				CLANG_WARN_EMPTY_BODY = YES;
				CLANG_WARN_ENUM_CONVERSION = YES;
				CLANG_WARN_INFINITE_RECURSION = YES;
				CLANG_WARN_INT_CONVERSION = YES;
				CLANG_WARN_NON_LITERAL_NULL_CONVERSION = YES;
				CLANG_WARN_OBJC_IMPLICIT_RETAIN_SELF = YES;
				CLANG_WARN_OBJC_LITERAL_CONVERSION = YES;
				CLANG_WARN_OBJC_ROOT_CLASS = YES_ERROR;
				CLANG_WARN_RANGE_LOOP_ANALYSIS = YES;
				CLANG_WARN_STRICT_PROTOTYPES = YES;
				CLANG_WARN_SUSPICIOUS_MOVE = YES;
				CLANG_WARN_UNGUARDED_AVAILABILITY = YES_AGGRESSIVE;
				CLANG_WARN_UNREACHABLE_CODE = YES;
				CLANG_WARN__DUPLICATE_METHOD_MATCH = YES;
				CODE_SIGN_IDENTITY = "iPhone Developer";
				COPY_PHASE_STRIP = NO;
				DEBUG_INFORMATION_FORMAT = "dwarf-with-dsym";
				ENABLE_NS_ASSERTIONS = NO;
				ENABLE_STRICT_OBJC_MSGSEND = YES;
				GCC_C_LANGUAGE_STANDARD = gnu11;
				GCC_NO_COMMON_BLOCKS = YES;
				GCC_WARN_64_TO_32_BIT_CONVERSION = YES;
				GCC_WARN_ABOUT_RETURN_TYPE = YES_ERROR;
				GCC_WARN_UNDECLARED_SELECTOR = YES;
				GCC_WARN_UNINITIALIZED_AUTOS = YES_AGGRESSIVE;
				GCC_WARN_UNUSED_FUNCTION = YES;
				GCC_WARN_UNUSED_VARIABLE = YES;
				IPHONEOS_DEPLOYMENT_TARGET = 12.2;
				MTL_ENABLE_DEBUG_INFO = NO;
				MTL_FAST_MATH = YES;
				SDKROOT = iphoneos;
				SWIFT_COMPILATION_MODE = wholemodule;
				SWIFT_OPTIMIZATION_LEVEL = "-O";
				VALIDATE_PRODUCT = YES;
			};
			name = Release;
		};
		94AE4EA022A0FACA00564F85 /* Debug */ = {
			isa = XCBuildConfiguration;
			buildSettings = {
				ASSETCATALOG_COMPILER_APPICON_NAME = AppIcon;
				CLANG_ENABLE_MODULES = YES;
				CODE_SIGN_ENTITLEMENTS = apphud/apphud.entitlements;
				CODE_SIGN_STYLE = Manual;
				DEVELOPMENT_TEAM = "";
				INFOPLIST_FILE = apphud/Info.plist;
				IPHONEOS_DEPLOYMENT_TARGET = 11.2;
				LD_RUNPATH_SEARCH_PATHS = (
					"$(inherited)",
					"@executable_path/Frameworks",
				);
				PRODUCT_BUNDLE_IDENTIFIER = com.apphud.subscriptionstest;
				PRODUCT_NAME = ApphudDemoApp;
				PROVISIONING_PROFILE_SPECIFIER = "";
				SWIFT_OPTIMIZATION_LEVEL = "-Onone";
				SWIFT_VERSION = 5.0;
				TARGETED_DEVICE_FAMILY = "1,2";
			};
			name = Debug;
		};
		94AE4EA122A0FACA00564F85 /* Release */ = {
			isa = XCBuildConfiguration;
			buildSettings = {
				ASSETCATALOG_COMPILER_APPICON_NAME = AppIcon;
				CLANG_ENABLE_MODULES = YES;
				CODE_SIGN_ENTITLEMENTS = apphud/apphud.entitlements;
				CODE_SIGN_STYLE = Manual;
				DEVELOPMENT_TEAM = "";
				INFOPLIST_FILE = apphud/Info.plist;
				IPHONEOS_DEPLOYMENT_TARGET = 11.2;
				LD_RUNPATH_SEARCH_PATHS = (
					"$(inherited)",
					"@executable_path/Frameworks",
				);
				PRODUCT_BUNDLE_IDENTIFIER = com.apphud.subscriptionstest;
				PRODUCT_NAME = ApphudDemoApp;
				PROVISIONING_PROFILE_SPECIFIER = "";
				SWIFT_VERSION = 5.0;
				TARGETED_DEVICE_FAMILY = "1,2";
			};
			name = Release;
		};
/* End XCBuildConfiguration section */

/* Begin XCConfigurationList section */
		94AE4E8822A0FAC800564F85 /* Build configuration list for PBXProject "apphud" */ = {
			isa = XCConfigurationList;
			buildConfigurations = (
				94AE4E9D22A0FACA00564F85 /* Debug */,
				94AE4E9E22A0FACA00564F85 /* Release */,
			);
			defaultConfigurationIsVisible = 0;
			defaultConfigurationName = Release;
		};
		94AE4E9F22A0FACA00564F85 /* Build configuration list for PBXNativeTarget "apphud" */ = {
			isa = XCConfigurationList;
			buildConfigurations = (
				94AE4EA022A0FACA00564F85 /* Debug */,
				94AE4EA122A0FACA00564F85 /* Release */,
			);
			defaultConfigurationIsVisible = 0;
			defaultConfigurationName = Release;
		};
/* End XCConfigurationList section */
	};
	rootObject = 94AE4E8522A0FAC800564F85 /* Project object */;
}
