// !$*UTF8*$!
{
	archiveVersion = 1;
	classes = {
	};
	objectVersion = 56;
	objects = {

/* Begin PBXBuildFile section */
		2833A95E299C95A700398839 /* ApphudDemoSwiftUIApp.swift in Sources */ = {isa = PBXBuildFile; fileRef = 2833A95D299C95A700398839 /* ApphudDemoSwiftUIApp.swift */; };
		2833A960299C95A700398839 /* ContentView.swift in Sources */ = {isa = PBXBuildFile; fileRef = 2833A95F299C95A700398839 /* ContentView.swift */; };
		2833A962299C95A800398839 /* Assets.xcassets in Resources */ = {isa = PBXBuildFile; fileRef = 2833A961299C95A800398839 /* Assets.xcassets */; };
		2833A965299C95A800398839 /* Preview Assets.xcassets in Resources */ = {isa = PBXBuildFile; fileRef = 2833A964299C95A800398839 /* Preview Assets.xcassets */; };
		2833A96F299CA3A700398839 /* AppDelegate.swift in Sources */ = {isa = PBXBuildFile; fileRef = 2833A96E299CA3A700398839 /* AppDelegate.swift */; };
		2833A971299CA51600398839 /* AppVariables.swift in Sources */ = {isa = PBXBuildFile; fileRef = 2833A970299CA51600398839 /* AppVariables.swift */; };
		2833A973299CA5BE00398839 /* PaywallUIView.swift in Sources */ = {isa = PBXBuildFile; fileRef = 2833A972299CA5BE00398839 /* PaywallUIView.swift */; };
		2833A975299CA71600398839 /* SKProduct+Extension.swift in Sources */ = {isa = PBXBuildFile; fileRef = 2833A974299CA71600398839 /* SKProduct+Extension.swift */; };
		28CC9439299F60F30014E855 /* StoreKit.storekit in Resources */ = {isa = PBXBuildFile; fileRef = 28CC9438299F60F30014E855 /* StoreKit.storekit */; };
		E1AA755B70E83321495C25D9 /* Pods_ApphudDemoSwiftUI.framework in Frameworks */ = {isa = PBXBuildFile; fileRef = 7C0A5D6F7E7B2BC1E1CF2309 /* Pods_ApphudDemoSwiftUI.framework */; };
/* End PBXBuildFile section */

/* Begin PBXFileReference section */
		21D50DCD83A41C9DEB0BD75D /* Pods-ApphudDemoSwiftUI.release.xcconfig */ = {isa = PBXFileReference; includeInIndex = 1; lastKnownFileType = text.xcconfig; name = "Pods-ApphudDemoSwiftUI.release.xcconfig"; path = "Target Support Files/Pods-ApphudDemoSwiftUI/Pods-ApphudDemoSwiftUI.release.xcconfig"; sourceTree = "<group>"; };
		282FCC4D2AC6D80300B00D2B /* ApphudDemoSwiftUI.entitlements */ = {isa = PBXFileReference; lastKnownFileType = text.plist.entitlements; path = ApphudDemoSwiftUI.entitlements; sourceTree = "<group>"; };
		2833A95A299C95A700398839 /* ApphudDemoSwiftUI.app */ = {isa = PBXFileReference; explicitFileType = wrapper.application; includeInIndex = 0; path = ApphudDemoSwiftUI.app; sourceTree = BUILT_PRODUCTS_DIR; };
		2833A95D299C95A700398839 /* ApphudDemoSwiftUIApp.swift */ = {isa = PBXFileReference; lastKnownFileType = sourcecode.swift; path = ApphudDemoSwiftUIApp.swift; sourceTree = "<group>"; };
		2833A95F299C95A700398839 /* ContentView.swift */ = {isa = PBXFileReference; lastKnownFileType = sourcecode.swift; path = ContentView.swift; sourceTree = "<group>"; };
		2833A961299C95A800398839 /* Assets.xcassets */ = {isa = PBXFileReference; lastKnownFileType = folder.assetcatalog; path = Assets.xcassets; sourceTree = "<group>"; };
		2833A964299C95A800398839 /* Preview Assets.xcassets */ = {isa = PBXFileReference; lastKnownFileType = folder.assetcatalog; path = "Preview Assets.xcassets"; sourceTree = "<group>"; };
		2833A96D299CA20600398839 /* ApphudDemoSwiftUI-Info.plist */ = {isa = PBXFileReference; lastKnownFileType = text.plist; path = "ApphudDemoSwiftUI-Info.plist"; sourceTree = "<group>"; };
		2833A96E299CA3A700398839 /* AppDelegate.swift */ = {isa = PBXFileReference; lastKnownFileType = sourcecode.swift; path = AppDelegate.swift; sourceTree = "<group>"; };
		2833A970299CA51600398839 /* AppVariables.swift */ = {isa = PBXFileReference; lastKnownFileType = sourcecode.swift; path = AppVariables.swift; sourceTree = "<group>"; };
		2833A972299CA5BE00398839 /* PaywallUIView.swift */ = {isa = PBXFileReference; lastKnownFileType = sourcecode.swift; path = PaywallUIView.swift; sourceTree = "<group>"; };
		2833A974299CA71600398839 /* SKProduct+Extension.swift */ = {isa = PBXFileReference; fileEncoding = 4; lastKnownFileType = sourcecode.swift; name = "SKProduct+Extension.swift"; path = "../ApphudDemoSwift/ApphudSDKDemo/Helpers/SKProduct+Extension.swift"; sourceTree = "<group>"; };
		28CC9438299F60F30014E855 /* StoreKit.storekit */ = {isa = PBXFileReference; fileEncoding = 4; lastKnownFileType = text; path = StoreKit.storekit; sourceTree = "<group>"; };
		7C0A5D6F7E7B2BC1E1CF2309 /* Pods_ApphudDemoSwiftUI.framework */ = {isa = PBXFileReference; explicitFileType = wrapper.framework; includeInIndex = 0; path = Pods_ApphudDemoSwiftUI.framework; sourceTree = BUILT_PRODUCTS_DIR; };
		E0FD7A5B71CB67D116CA478E /* Pods-ApphudDemoSwiftUI.debug.xcconfig */ = {isa = PBXFileReference; includeInIndex = 1; lastKnownFileType = text.xcconfig; name = "Pods-ApphudDemoSwiftUI.debug.xcconfig"; path = "Target Support Files/Pods-ApphudDemoSwiftUI/Pods-ApphudDemoSwiftUI.debug.xcconfig"; sourceTree = "<group>"; };
/* End PBXFileReference section */

/* Begin PBXFrameworksBuildPhase section */
		2833A957299C95A700398839 /* Frameworks */ = {
			isa = PBXFrameworksBuildPhase;
			buildActionMask = 2147483647;
			files = (
				E1AA755B70E83321495C25D9 /* Pods_ApphudDemoSwiftUI.framework in Frameworks */,
			);
			runOnlyForDeploymentPostprocessing = 0;
		};
/* End PBXFrameworksBuildPhase section */

/* Begin PBXGroup section */
		2833A951299C95A700398839 = {
			isa = PBXGroup;
			children = (
				2833A95C299C95A700398839 /* ApphudDemoSwiftUI */,
				2833A95B299C95A700398839 /* Products */,
				78D01D2D5DE34F3857086E23 /* Pods */,
				ABA558B82FCD5F9FA487E740 /* Frameworks */,
			);
			sourceTree = "<group>";
		};
		2833A95B299C95A700398839 /* Products */ = {
			isa = PBXGroup;
			children = (
				2833A95A299C95A700398839 /* ApphudDemoSwiftUI.app */,
			);
			name = Products;
			sourceTree = "<group>";
		};
		2833A95C299C95A700398839 /* ApphudDemoSwiftUI */ = {
			isa = PBXGroup;
			children = (
				282FCC4D2AC6D80300B00D2B /* ApphudDemoSwiftUI.entitlements */,
				28CC9438299F60F30014E855 /* StoreKit.storekit */,
				2833A96D299CA20600398839 /* ApphudDemoSwiftUI-Info.plist */,
				2833A95D299C95A700398839 /* ApphudDemoSwiftUIApp.swift */,
				2833A95F299C95A700398839 /* ContentView.swift */,
				2833A972299CA5BE00398839 /* PaywallUIView.swift */,
				2833A970299CA51600398839 /* AppVariables.swift */,
				2833A96E299CA3A700398839 /* AppDelegate.swift */,
				2833A974299CA71600398839 /* SKProduct+Extension.swift */,
				2833A961299C95A800398839 /* Assets.xcassets */,
				2833A963299C95A800398839 /* Preview Content */,
			);
			name = ApphudDemoSwiftUI;
			sourceTree = "<group>";
		};
		2833A963299C95A800398839 /* Preview Content */ = {
			isa = PBXGroup;
			children = (
				2833A964299C95A800398839 /* Preview Assets.xcassets */,
			);
			path = "Preview Content";
			sourceTree = "<group>";
		};
		78D01D2D5DE34F3857086E23 /* Pods */ = {
			isa = PBXGroup;
			children = (
				E0FD7A5B71CB67D116CA478E /* Pods-ApphudDemoSwiftUI.debug.xcconfig */,
				21D50DCD83A41C9DEB0BD75D /* Pods-ApphudDemoSwiftUI.release.xcconfig */,
			);
			path = Pods;
			sourceTree = "<group>";
		};
		ABA558B82FCD5F9FA487E740 /* Frameworks */ = {
			isa = PBXGroup;
			children = (
				7C0A5D6F7E7B2BC1E1CF2309 /* Pods_ApphudDemoSwiftUI.framework */,
			);
			name = Frameworks;
			sourceTree = "<group>";
		};
/* End PBXGroup section */

/* Begin PBXNativeTarget section */
		2833A959299C95A700398839 /* ApphudDemoSwiftUI */ = {
			isa = PBXNativeTarget;
			buildConfigurationList = 2833A968299C95A800398839 /* Build configuration list for PBXNativeTarget "ApphudDemoSwiftUI" */;
			buildPhases = (
				3523F1B526327CA31A4CBC89 /* [CP] Check Pods Manifest.lock */,
				2833A956299C95A700398839 /* Sources */,
				2833A957299C95A700398839 /* Frameworks */,
				2833A958299C95A700398839 /* Resources */,
				53ABEC313EA4A924E2B70A3C /* [CP] Embed Pods Frameworks */,
			);
			buildRules = (
			);
			dependencies = (
			);
			name = ApphudDemoSwiftUI;
			productName = ApphudDemoSwiftUI;
			productReference = 2833A95A299C95A700398839 /* ApphudDemoSwiftUI.app */;
			productType = "com.apple.product-type.application";
		};
/* End PBXNativeTarget section */

/* Begin PBXProject section */
		2833A952299C95A700398839 /* Project object */ = {
			isa = PBXProject;
			attributes = {
				BuildIndependentTargetsInParallel = 1;
				LastSwiftUpdateCheck = 1420;
				LastUpgradeCheck = 1600;
				TargetAttributes = {
					2833A959299C95A700398839 = {
						CreatedOnToolsVersion = 14.2;
					};
				};
			};
			buildConfigurationList = 2833A955299C95A700398839 /* Build configuration list for PBXProject "ApphudDemoSwiftUI" */;
			compatibilityVersion = "Xcode 14.0";
			developmentRegion = en;
			hasScannedForEncodings = 0;
			knownRegions = (
				en,
				Base,
			);
			mainGroup = 2833A951299C95A700398839;
			productRefGroup = 2833A95B299C95A700398839 /* Products */;
			projectDirPath = "";
			projectRoot = "";
			targets = (
				2833A959299C95A700398839 /* ApphudDemoSwiftUI */,
			);
		};
/* End PBXProject section */

/* Begin PBXResourcesBuildPhase section */
		2833A958299C95A700398839 /* Resources */ = {
			isa = PBXResourcesBuildPhase;
			buildActionMask = 2147483647;
			files = (
				28CC9439299F60F30014E855 /* StoreKit.storekit in Resources */,
				2833A965299C95A800398839 /* Preview Assets.xcassets in Resources */,
				2833A962299C95A800398839 /* Assets.xcassets in Resources */,
			);
			runOnlyForDeploymentPostprocessing = 0;
		};
/* End PBXResourcesBuildPhase section */

/* Begin PBXShellScriptBuildPhase section */
		3523F1B526327CA31A4CBC89 /* [CP] Check Pods Manifest.lock */ = {
			isa = PBXShellScriptBuildPhase;
			buildActionMask = 2147483647;
			files = (
			);
			inputFileListPaths = (
			);
			inputPaths = (
				"${PODS_PODFILE_DIR_PATH}/Podfile.lock",
				"${PODS_ROOT}/Manifest.lock",
			);
			name = "[CP] Check Pods Manifest.lock";
			outputFileListPaths = (
			);
			outputPaths = (
				"$(DERIVED_FILE_DIR)/Pods-ApphudDemoSwiftUI-checkManifestLockResult.txt",
			);
			runOnlyForDeploymentPostprocessing = 0;
			shellPath = /bin/sh;
			shellScript = "diff \"${PODS_PODFILE_DIR_PATH}/Podfile.lock\" \"${PODS_ROOT}/Manifest.lock\" > /dev/null\nif [ $? != 0 ] ; then\n    # print error to STDERR\n    echo \"error: The sandbox is not in sync with the Podfile.lock. Run 'pod install' or update your CocoaPods installation.\" >&2\n    exit 1\nfi\n# This output is used by Xcode 'outputs' to avoid re-running this script phase.\necho \"SUCCESS\" > \"${SCRIPT_OUTPUT_FILE_0}\"\n";
			showEnvVarsInLog = 0;
		};
		53ABEC313EA4A924E2B70A3C /* [CP] Embed Pods Frameworks */ = {
			isa = PBXShellScriptBuildPhase;
			buildActionMask = 2147483647;
			files = (
			);
			inputFileListPaths = (
				"${PODS_ROOT}/Target Support Files/Pods-ApphudDemoSwiftUI/Pods-ApphudDemoSwiftUI-frameworks-${CONFIGURATION}-input-files.xcfilelist",
			);
			name = "[CP] Embed Pods Frameworks";
			outputFileListPaths = (
				"${PODS_ROOT}/Target Support Files/Pods-ApphudDemoSwiftUI/Pods-ApphudDemoSwiftUI-frameworks-${CONFIGURATION}-output-files.xcfilelist",
			);
			runOnlyForDeploymentPostprocessing = 0;
			shellPath = /bin/sh;
			shellScript = "\"${PODS_ROOT}/Target Support Files/Pods-ApphudDemoSwiftUI/Pods-ApphudDemoSwiftUI-frameworks.sh\"\n";
			showEnvVarsInLog = 0;
		};
/* End PBXShellScriptBuildPhase section */

/* Begin PBXSourcesBuildPhase section */
		2833A956299C95A700398839 /* Sources */ = {
			isa = PBXSourcesBuildPhase;
			buildActionMask = 2147483647;
			files = (
				2833A96F299CA3A700398839 /* AppDelegate.swift in Sources */,
				2833A960299C95A700398839 /* ContentView.swift in Sources */,
				2833A95E299C95A700398839 /* ApphudDemoSwiftUIApp.swift in Sources */,
				2833A971299CA51600398839 /* AppVariables.swift in Sources */,
				2833A973299CA5BE00398839 /* PaywallUIView.swift in Sources */,
				2833A975299CA71600398839 /* SKProduct+Extension.swift in Sources */,
			);
			runOnlyForDeploymentPostprocessing = 0;
		};
/* End PBXSourcesBuildPhase section */

/* Begin XCBuildConfiguration section */
		2833A966299C95A800398839 /* Debug */ = {
			isa = XCBuildConfiguration;
			buildSettings = {
				ALWAYS_SEARCH_USER_PATHS = NO;
				CLANG_ANALYZER_NONNULL = YES;
				CLANG_ANALYZER_NUMBER_OBJECT_CONVERSION = YES_AGGRESSIVE;
				CLANG_CXX_LANGUAGE_STANDARD = "gnu++20";
				CLANG_ENABLE_MODULES = YES;
				CLANG_ENABLE_OBJC_ARC = YES;
				CLANG_ENABLE_OBJC_WEAK = YES;
				CLANG_WARN_BLOCK_CAPTURE_AUTORELEASING = YES;
				CLANG_WARN_BOOL_CONVERSION = YES;
				CLANG_WARN_COMMA = YES;
				CLANG_WARN_CONSTANT_CONVERSION = YES;
				CLANG_WARN_DEPRECATED_OBJC_IMPLEMENTATIONS = YES;
				CLANG_WARN_DIRECT_OBJC_ISA_USAGE = YES_ERROR;
				CLANG_WARN_DOCUMENTATION_COMMENTS = YES;
				CLANG_WARN_EMPTY_BODY = YES;
				CLANG_WARN_ENUM_CONVERSION = YES;
				CLANG_WARN_INFINITE_RECURSION = YES;
				CLANG_WARN_INT_CONVERSION = YES;
				CLANG_WARN_NON_LITERAL_NULL_CONVERSION = YES;
				CLANG_WARN_OBJC_IMPLICIT_RETAIN_SELF = YES;
				CLANG_WARN_OBJC_LITERAL_CONVERSION = YES;
				CLANG_WARN_OBJC_ROOT_CLASS = YES_ERROR;
				CLANG_WARN_QUOTED_INCLUDE_IN_FRAMEWORK_HEADER = YES;
				CLANG_WARN_RANGE_LOOP_ANALYSIS = YES;
				CLANG_WARN_STRICT_PROTOTYPES = YES;
				CLANG_WARN_SUSPICIOUS_MOVE = YES;
				CLANG_WARN_UNGUARDED_AVAILABILITY = YES_AGGRESSIVE;
				CLANG_WARN_UNREACHABLE_CODE = YES;
				CLANG_WARN__DUPLICATE_METHOD_MATCH = YES;
				COPY_PHASE_STRIP = NO;
				DEBUG_INFORMATION_FORMAT = dwarf;
				ENABLE_STRICT_OBJC_MSGSEND = YES;
				ENABLE_TESTABILITY = YES;
				ENABLE_USER_SCRIPT_SANDBOXING = YES;
				GCC_C_LANGUAGE_STANDARD = gnu11;
				GCC_DYNAMIC_NO_PIC = NO;
				GCC_NO_COMMON_BLOCKS = YES;
				GCC_OPTIMIZATION_LEVEL = 0;
				GCC_PREPROCESSOR_DEFINITIONS = (
					"DEBUG=1",
					"$(inherited)",
				);
				GCC_WARN_64_TO_32_BIT_CONVERSION = YES;
				GCC_WARN_ABOUT_RETURN_TYPE = YES_ERROR;
				GCC_WARN_UNDECLARED_SELECTOR = YES;
				GCC_WARN_UNINITIALIZED_AUTOS = YES_AGGRESSIVE;
				GCC_WARN_UNUSED_FUNCTION = YES;
				GCC_WARN_UNUSED_VARIABLE = YES;
				IPHONEOS_DEPLOYMENT_TARGET = 16.2;
				MTL_ENABLE_DEBUG_INFO = INCLUDE_SOURCE;
				MTL_FAST_MATH = YES;
				ONLY_ACTIVE_ARCH = YES;
				SDKROOT = iphoneos;
				SWIFT_ACTIVE_COMPILATION_CONDITIONS = DEBUG;
				SWIFT_OPTIMIZATION_LEVEL = "-Onone";
			};
			name = Debug;
		};
		2833A967299C95A800398839 /* Release */ = {
			isa = XCBuildConfiguration;
			buildSettings = {
				ALWAYS_SEARCH_USER_PATHS = NO;
				CLANG_ANALYZER_NONNULL = YES;
				CLANG_ANALYZER_NUMBER_OBJECT_CONVERSION = YES_AGGRESSIVE;
				CLANG_CXX_LANGUAGE_STANDARD = "gnu++20";
				CLANG_ENABLE_MODULES = YES;
				CLANG_ENABLE_OBJC_ARC = YES;
				CLANG_ENABLE_OBJC_WEAK = YES;
				CLANG_WARN_BLOCK_CAPTURE_AUTORELEASING = YES;
				CLANG_WARN_BOOL_CONVERSION = YES;
				CLANG_WARN_COMMA = YES;
				CLANG_WARN_CONSTANT_CONVERSION = YES;
				CLANG_WARN_DEPRECATED_OBJC_IMPLEMENTATIONS = YES;
				CLANG_WARN_DIRECT_OBJC_ISA_USAGE = YES_ERROR;
				CLANG_WARN_DOCUMENTATION_COMMENTS = YES;
				CLANG_WARN_EMPTY_BODY = YES;
				CLANG_WARN_ENUM_CONVERSION = YES;
				CLANG_WARN_INFINITE_RECURSION = YES;
				CLANG_WARN_INT_CONVERSION = YES;
				CLANG_WARN_NON_LITERAL_NULL_CONVERSION = YES;
				CLANG_WARN_OBJC_IMPLICIT_RETAIN_SELF = YES;
				CLANG_WARN_OBJC_LITERAL_CONVERSION = YES;
				CLANG_WARN_OBJC_ROOT_CLASS = YES_ERROR;
				CLANG_WARN_QUOTED_INCLUDE_IN_FRAMEWORK_HEADER = YES;
				CLANG_WARN_RANGE_LOOP_ANALYSIS = YES;
				CLANG_WARN_STRICT_PROTOTYPES = YES;
				CLANG_WARN_SUSPICIOUS_MOVE = YES;
				CLANG_WARN_UNGUARDED_AVAILABILITY = YES_AGGRESSIVE;
				CLANG_WARN_UNREACHABLE_CODE = YES;
				CLANG_WARN__DUPLICATE_METHOD_MATCH = YES;
				COPY_PHASE_STRIP = NO;
				DEBUG_INFORMATION_FORMAT = "dwarf-with-dsym";
				ENABLE_NS_ASSERTIONS = NO;
				ENABLE_STRICT_OBJC_MSGSEND = YES;
				ENABLE_USER_SCRIPT_SANDBOXING = YES;
				GCC_C_LANGUAGE_STANDARD = gnu11;
				GCC_NO_COMMON_BLOCKS = YES;
				GCC_WARN_64_TO_32_BIT_CONVERSION = YES;
				GCC_WARN_ABOUT_RETURN_TYPE = YES_ERROR;
				GCC_WARN_UNDECLARED_SELECTOR = YES;
				GCC_WARN_UNINITIALIZED_AUTOS = YES_AGGRESSIVE;
				GCC_WARN_UNUSED_FUNCTION = YES;
				GCC_WARN_UNUSED_VARIABLE = YES;
				IPHONEOS_DEPLOYMENT_TARGET = 16.2;
				MTL_ENABLE_DEBUG_INFO = NO;
				MTL_FAST_MATH = YES;
				SDKROOT = iphoneos;
				SWIFT_COMPILATION_MODE = wholemodule;
				SWIFT_OPTIMIZATION_LEVEL = "-O";
				VALIDATE_PRODUCT = YES;
			};
			name = Release;
		};
		2833A969299C95A800398839 /* Debug */ = {
			isa = XCBuildConfiguration;
			baseConfigurationReference = E0FD7A5B71CB67D116CA478E /* Pods-ApphudDemoSwiftUI.debug.xcconfig */;
			buildSettings = {
				ASSETCATALOG_COMPILER_APPICON_NAME = AppIcon;
				ASSETCATALOG_COMPILER_GLOBAL_ACCENT_COLOR_NAME = AccentColor;
				CODE_SIGN_ENTITLEMENTS = ApphudDemoSwiftUI.entitlements;
				CODE_SIGN_STYLE = Automatic;
				CURRENT_PROJECT_VERSION = 1;
				DEVELOPMENT_ASSET_PATHS = "\"Preview Content\"";
				DEVELOPMENT_TEAM = JLG6CF288G;
				ENABLE_PREVIEWS = YES;
				ENABLE_USER_SCRIPT_SANDBOXING = NO;
				GENERATE_INFOPLIST_FILE = YES;
				INFOPLIST_FILE = "ApphudDemoSwiftUI-Info.plist";
				INFOPLIST_KEY_NSUserTrackingUsageDescription = "To advertise this app to people who really need it";
				INFOPLIST_KEY_UIApplicationSupportsIndirectInputEvents = YES;
				INFOPLIST_KEY_UILaunchScreen_Generation = YES;
				INFOPLIST_KEY_UISupportedInterfaceOrientations_iPad = "UIInterfaceOrientationPortrait UIInterfaceOrientationPortraitUpsideDown UIInterfaceOrientationLandscapeLeft UIInterfaceOrientationLandscapeRight";
				INFOPLIST_KEY_UISupportedInterfaceOrientations_iPhone = "UIInterfaceOrientationPortrait UIInterfaceOrientationLandscapeLeft UIInterfaceOrientationLandscapeRight";
				IPHONEOS_DEPLOYMENT_TARGET = 15.0;
				LD_RUNPATH_SEARCH_PATHS = (
					"$(inherited)",
					"@executable_path/Frameworks",
				);
				MARKETING_VERSION = 1.0;
				PRODUCT_BUNDLE_IDENTIFIER = com.apphud.testapplication;
				PRODUCT_NAME = "$(TARGET_NAME)";
				SWIFT_EMIT_LOC_STRINGS = YES;
				SWIFT_VERSION = 6.0;
				TARGETED_DEVICE_FAMILY = "1,2";
			};
			name = Debug;
		};
		2833A96A299C95A800398839 /* Release */ = {
			isa = XCBuildConfiguration;
			baseConfigurationReference = 21D50DCD83A41C9DEB0BD75D /* Pods-ApphudDemoSwiftUI.release.xcconfig */;
			buildSettings = {
				ASSETCATALOG_COMPILER_APPICON_NAME = AppIcon;
				ASSETCATALOG_COMPILER_GLOBAL_ACCENT_COLOR_NAME = AccentColor;
				CODE_SIGN_ENTITLEMENTS = ApphudDemoSwiftUI.entitlements;
				CODE_SIGN_STYLE = Automatic;
				CURRENT_PROJECT_VERSION = 1;
				DEVELOPMENT_ASSET_PATHS = "\"Preview Content\"";
				DEVELOPMENT_TEAM = JLG6CF288G;
				ENABLE_PREVIEWS = YES;
				ENABLE_USER_SCRIPT_SANDBOXING = NO;
				GENERATE_INFOPLIST_FILE = YES;
				INFOPLIST_FILE = "ApphudDemoSwiftUI-Info.plist";
				INFOPLIST_KEY_NSUserTrackingUsageDescription = "To advertise this app to people who really need it";
				INFOPLIST_KEY_UIApplicationSupportsIndirectInputEvents = YES;
				INFOPLIST_KEY_UILaunchScreen_Generation = YES;
				INFOPLIST_KEY_UISupportedInterfaceOrientations_iPad = "UIInterfaceOrientationPortrait UIInterfaceOrientationPortraitUpsideDown UIInterfaceOrientationLandscapeLeft UIInterfaceOrientationLandscapeRight";
				INFOPLIST_KEY_UISupportedInterfaceOrientations_iPhone = "UIInterfaceOrientationPortrait UIInterfaceOrientationLandscapeLeft UIInterfaceOrientationLandscapeRight";
				IPHONEOS_DEPLOYMENT_TARGET = 15.0;
				LD_RUNPATH_SEARCH_PATHS = (
					"$(inherited)",
					"@executable_path/Frameworks",
				);
				MARKETING_VERSION = 1.0;
				PRODUCT_BUNDLE_IDENTIFIER = com.apphud.testapplication;
				PRODUCT_NAME = "$(TARGET_NAME)";
				SWIFT_EMIT_LOC_STRINGS = YES;
				SWIFT_VERSION = 6.0;
				TARGETED_DEVICE_FAMILY = "1,2";
			};
			name = Release;
		};
/* End XCBuildConfiguration section */

/* Begin XCConfigurationList section */
		2833A955299C95A700398839 /* Build configuration list for PBXProject "ApphudDemoSwiftUI" */ = {
			isa = XCConfigurationList;
			buildConfigurations = (
				2833A966299C95A800398839 /* Debug */,
				2833A967299C95A800398839 /* Release */,
			);
			defaultConfigurationIsVisible = 0;
			defaultConfigurationName = Release;
		};
		2833A968299C95A800398839 /* Build configuration list for PBXNativeTarget "ApphudDemoSwiftUI" */ = {
			isa = XCConfigurationList;
			buildConfigurations = (
				2833A969299C95A800398839 /* Debug */,
				2833A96A299C95A800398839 /* Release */,
			);
			defaultConfigurationIsVisible = 0;
			defaultConfigurationName = Release;
		};
/* End XCConfigurationList section */
	};
	rootObject = 2833A952299C95A700398839 /* Project object */;
}
