PODS:
  - ApphudSDK (3.5.7)
  - AppMetricaAdSupport (5.8.2):
    - AppMetricaCore (= 5.8.2)
    - AppMetricaCoreExtension (= 5.8.2)
  - AppMetricaAnalytics (5.8.2):
    - AppMetricaAdSupport (= 5.8.2)
    - AppMetricaCore (= 5.8.2)
    - AppMetricaCrashes (= 5.8.2)
    - AppMetricaWebKit (= 5.8.2)
  - AppMetricaApphudAdapter (1.0.0):
    - AppMetricaApphudObjCWrapper (= 1.0.0)
    - AppMetricaCore (~> 5.8)
    - AppMetricaCoreExtension (~> 5.8)
  - AppMetricaApphudObjCWrapper (1.0.0):
    - ApphudSDK (~> 3.0)
    - AppMetricaCore (~> 5.8)
    - AppMetricaCoreExtension (~> 5.8)
    - AppMetricaStorageUtils (~> 5.8)
  - AppMetricaCore (5.8.2):
    - AppMetricaCoreUtils (= 5.8.2)
    - AppMetricaEncodingUtils (= 5.8.2)
    - AppMetricaFMDB (= 5.8.2)
    - AppMetricaHostState (= 5.8.2)
    - AppMetricaLog (= 5.8.2)
    - AppMetricaNetwork (= 5.8.2)
    - AppMetricaPlatform (= 5.8.2)
    - AppMetricaProtobuf (= 5.8.2)
    - AppMetricaProtobufUtils (= 5.8.2)
    - AppMetricaStorageUtils (= 5.8.2)
  - AppMetricaCoreExtension (5.8.2):
    - AppMetricaCore (= 5.8.2)
    - AppMetricaStorageUtils (= 5.8.2)
  - AppMetricaCoreUtils (5.8.2):
    - AppMetricaLog (= 5.8.2)
  - AppMetricaCrashes (5.8.2):
    - AppMetricaCore (= 5.8.2)
    - AppMetricaCoreExtension (= 5.8.2)
    - AppMetricaCoreUtils (= 5.8.2)
    - AppMetricaEncodingUtils (= 5.8.2)
    - AppMetricaHostState (= 5.8.2)
    - AppMetricaLog (= 5.8.2)
    - AppMetricaPlatform (= 5.8.2)
    - AppMetricaProtobufUtils (= 5.8.2)
    - AppMetricaStorageUtils (= 5.8.2)
    - KSCrash/Recording (< 2.1.0, >= 2.0.0-rc.1)
  - AppMetricaEncodingUtils (5.8.2):
    - AppMetricaCoreUtils (= 5.8.2)
    - AppMetricaLog (= 5.8.2)
    - AppMetricaPlatform (= 5.8.2)
  - AppMetricaFMDB (5.8.2)
  - AppMetricaHostState (5.8.2):
    - AppMetricaCoreUtils (= 5.8.2)
    - AppMetricaLog (= 5.8.2)
  - AppMetricaLog (5.8.2)
  - AppMetricaNetwork (5.8.2):
    - AppMetricaCoreUtils (= 5.8.2)
    - AppMetricaLog (= 5.8.2)
    - AppMetricaPlatform (= 5.8.2)
  - AppMetricaPlatform (5.8.2):
    - AppMetricaCoreUtils (= 5.8.2)
    - AppMetricaLog (= 5.8.2)
  - AppMetricaProtobuf (5.8.2)
  - AppMetricaProtobufUtils (5.8.2):
    - AppMetricaProtobuf (= 5.8.2)
  - AppMetricaStorageUtils (5.8.2):
    - AppMetricaCoreUtils (= 5.8.2)
    - AppMetricaLog (= 5.8.2)
  - AppMetricaWebKit (5.8.2):
    - AppMetricaCore (= 5.8.2)
    - AppMetricaCoreUtils (= 5.8.2)
    - AppMetricaLog (= 5.8.2)
  - KSCrash/Core (2.0.0-rc.8)
  - KSCrash/Recording (2.0.0-rc.8):
    - KSCrash/RecordingCore
  - KSCrash/RecordingCore (2.0.0-rc.8):
    - KSCrash/Core

DEPENDENCIES:
  - AppMetricaAnalytics (= 5.8.2)
  - AppMetricaApphudAdapter (= 1.0.0)

SPEC REPOS:
  https://github.com/CocoaPods/Specs.git:
    - ApphudSDK
    - AppMetricaAdSupport
    - AppMetricaAnalytics
    - AppMetricaApphudAdapter
    - AppMetricaApphudObjCWrapper
    - AppMetricaCore
    - AppMetricaCoreExtension
    - AppMetricaCoreUtils
    - AppMetricaCrashes
    - AppMetricaEncodingUtils
    - AppMetricaFMDB
    - AppMetricaHostState
    - AppMetricaLog
    - AppMetricaNetwork
    - AppMetricaPlatform
    - AppMetricaProtobuf
    - AppMetricaProtobufUtils
    - AppMetricaStorageUtils
    - AppMetricaWebKit
    - KSCrash

SPEC CHECKSUMS:
  ApphudSDK: d187e5be23a0470879098b84e7bc6d7ab1f4358d
  AppMetricaAdSupport: 6fd6e54fc9d330f152e97c38cd92775071e353b8
  AppMetricaAnalytics: 93374c9f748f85f4d62f2ed2714eeb058eee1d33
  AppMetricaApphudAdapter: 3b58f1e04cc781eaf947f4e313d29d297c5f9238
  AppMetricaApphudObjCWrapper: 649a47cad3ef520c8fb1e7713d391a33bce87dd7
  AppMetricaCore: bf95c826ec74260b8c81cca9fc21efb8aea52a70
  AppMetricaCoreExtension: 9cf386437072bb2bb578eb0b7654b3e3f53f3abf
  AppMetricaCoreUtils: e272b7ae0d4da73e178cc9d7cf391ce67c713d61
  AppMetricaCrashes: 2a47cc39a691f9751c2a73e20ce5e06f5a9cdc64
  AppMetricaEncodingUtils: ee11733ecad85bf10d513920ef091bbc0ae5f2c7
  AppMetricaFMDB: 44ffa4aa173513c04af2a1fbf6dfc180f266872a
  AppMetricaHostState: c6a10727120cdd4d7eaaabf57f9e562ec9cd6b0f
  AppMetricaLog: 49eb3d5ef7d4288a388cc34eaa53cbcd42241b8a
  AppMetricaNetwork: f29d5bedc1abb6dff4be1f89422e5403dcda7dee
  AppMetricaPlatform: f3423676add2e9a61b6b67f2692f385b62bf87a8
  AppMetricaProtobuf: d895f7478c9e90ac3a50bd2f2ae8bd022205dbd1
  AppMetricaProtobufUtils: 2e4134f486620a27306940347265c824784c906c
  AppMetricaStorageUtils: d4b1470acba258fe9a07d9860defdeb93096b89b
  AppMetricaWebKit: 900bc1bdc8c35d0605a3dfe9ba8b8b69a77f73b8
  KSCrash: 946472c56073afdaf6bae37d886e3f562027075c

PODFILE CHECKSUM: a172511409d33131979675076bc5b67d0fe1487b

COCOAPODS: 1.16.2
